
Microsoft Visual Studio Solution File, Format Version 12.00
# Visual Studio 15
VisualStudioVersion = 15.0.28010.2048
MinimumVisualStudioVersion = 10.0.40219.1
Project("{FAE04EC0-301F-11D3-BF4B-00C04F79EFBC}") = "formFour.Android", "formFour\formFour.Android\formFour.Android.csproj", "{DD9F9D9B-AEC2-40CE-855D-48ED51775AB4}"
EndProject
Project("{FAE04EC0-301F-11D3-BF4B-00C04F79EFBC}") = "formFour.iOS", "formFour\formFour.iOS\formFour.iOS.csproj", "{5BE46B7A-9275-463C-91B0-A227AD51A1AA}"
EndProject
Project("{FAE04EC0-301F-11D3-BF4B-00C04F79EFBC}") = "formFour", "formFour\formFour\formFour.csproj", "{58B14A0D-5656-4398-8852-BA8D8E9585F1}"
EndProject
Global
	GlobalSection(SolutionConfigurationPlatforms) = preSolution
		Ad-Hoc|Any CPU = Ad-Hoc|Any CPU
		Ad-Hoc|iPhone = Ad-Hoc|iPhone
		Ad-Hoc|iPhoneSimulator = Ad-Hoc|iPhoneSimulator
		AppStore|Any CPU = AppStore|Any CPU
		AppStore|iPhone = AppStore|iPhone
		AppStore|iPhoneSimulator = AppStore|iPhoneSimulator
		Debug|Any CPU = Debug|Any CPU
		Debug|iPhone = Debug|iPhone
		Debug|iPhoneSimulator = Debug|iPhoneSimulator
		Release|Any CPU = Release|Any CPU
		Release|iPhone = Release|iPhone
		Release|iPhoneSimulator = Release|iPhoneSimulator
	EndGlobalSection
	GlobalSection(ProjectConfigurationPlatforms) = postSolution
		{DD9F9D9B-AEC2-40CE-855D-48ED51775AB4}.Ad-Hoc|Any CPU.ActiveCfg = Release|Any CPU
		{DD9F9D9B-AEC2-40CE-855D-48ED51775AB4}.Ad-Hoc|Any CPU.Build.0 = Release|Any CPU
		{DD9F9D9B-AEC2-40CE-855D-48ED51775AB4}.Ad-Hoc|Any CPU.Deploy.0 = Release|Any CPU
		{DD9F9D9B-AEC2-40CE-855D-48ED51775AB4}.Ad-Hoc|iPhone.ActiveCfg = Release|Any CPU
		{DD9F9D9B-AEC2-40CE-855D-48ED51775AB4}.Ad-Hoc|iPhone.Build.0 = Release|Any CPU
		{DD9F9D9B-AEC2-40CE-855D-48ED51775AB4}.Ad-Hoc|iPhone.Deploy.0 = Release|Any CPU
		{DD9F9D9B-AEC2-40CE-855D-48ED51775AB4}.Ad-Hoc|iPhoneSimulator.ActiveCfg = Release|Any CPU
		{DD9F9D9B-AEC2-40CE-855D-48ED51775AB4}.Ad-Hoc|iPhoneSimulator.Build.0 = Release|Any CPU
		{DD9F9D9B-AEC2-40CE-855D-48ED51775AB4}.Ad-Hoc|iPhoneSimulator.Deploy.0 = Release|Any CPU
		{DD9F9D9B-AEC2-40CE-855D-48ED51775AB4}.AppStore|Any CPU.ActiveCfg = Release|Any CPU
		{DD9F9D9B-AEC2-40CE-855D-48ED51775AB4}.AppStore|Any CPU.Build.0 = Release|Any CPU
		{DD9F9D9B-AEC2-40CE-855D-48ED51775AB4}.AppStore|Any CPU.Deploy.0 = Release|Any CPU
		{DD9F9D9B-AEC2-40CE-855D-48ED51775AB4}.AppStore|iPhone.ActiveCfg = Release|Any CPU
		{DD9F9D9B-AEC2-40CE-855D-48ED51775AB4}.AppStore|iPhone.Build.0 = Release|Any CPU
		{DD9F9D9B-AEC2-40CE-855D-48ED51775AB4}.AppStore|iPhone.Deploy.0 = Release|Any CPU
		{DD9F9D9B-AEC2-40CE-855D-48ED51775AB4}.AppStore|iPhoneSimulator.ActiveCfg = Release|Any CPU
		{DD9F9D9B-AEC2-40CE-855D-48ED51775AB4}.AppStore|iPhoneSimulator.Build.0 = Release|Any CPU
		{DD9F9D9B-AEC2-40CE-855D-48ED51775AB4}.AppStore|iPhoneSimulator.Deploy.0 = Release|Any CPU
		{DD9F9D9B-AEC2-40CE-855D-48ED51775AB4}.Debug|Any CPU.ActiveCfg = Debug|Any CPU
		{DD9F9D9B-AEC2-40CE-855D-48ED51775AB4}.Debug|Any CPU.Build.0 = Debug|Any CPU
		{DD9F9D9B-AEC2-40CE-855D-48ED51775AB4}.Debug|Any CPU.Deploy.0 = Debug|Any CPU
		{DD9F9D9B-AEC2-40CE-855D-48ED51775AB4}.Debug|iPhone.ActiveCfg = Debug|Any CPU
		{DD9F9D9B-AEC2-40CE-855D-48ED51775AB4}.Debug|iPhone.Build.0 = Debug|Any CPU
		{DD9F9D9B-AEC2-40CE-855D-48ED51775AB4}.Debug|iPhone.Deploy.0 = Debug|Any CPU
		{DD9F9D9B-AEC2-40CE-855D-48ED51775AB4}.Debug|iPhoneSimulator.ActiveCfg = Debug|Any CPU
		{DD9F9D9B-AEC2-40CE-855D-48ED51775AB4}.Debug|iPhoneSimulator.Build.0 = Debug|Any CPU
		{DD9F9D9B-AEC2-40CE-855D-48ED51775AB4}.Debug|iPhoneSimulator.Deploy.0 = Debug|Any CPU
		{DD9F9D9B-AEC2-40CE-855D-48ED51775AB4}.Release|Any CPU.ActiveCfg = Release|Any CPU
		{DD9F9D9B-AEC2-40CE-855D-48ED51775AB4}.Release|Any CPU.Build.0 = Release|Any CPU
		{DD9F9D9B-AEC2-40CE-855D-48ED51775AB4}.Release|Any CPU.Deploy.0 = Release|Any CPU
		{DD9F9D9B-AEC2-40CE-855D-48ED51775AB4}.Release|iPhone.ActiveCfg = Release|Any CPU
		{DD9F9D9B-AEC2-40CE-855D-48ED51775AB4}.Release|iPhone.Build.0 = Release|Any CPU
		{DD9F9D9B-AEC2-40CE-855D-48ED51775AB4}.Release|iPhone.Deploy.0 = Release|Any CPU
		{DD9F9D9B-AEC2-40CE-855D-48ED51775AB4}.Release|iPhoneSimulator.ActiveCfg = Release|Any CPU
		{DD9F9D9B-AEC2-40CE-855D-48ED51775AB4}.Release|iPhoneSimulator.Build.0 = Release|Any CPU
		{DD9F9D9B-AEC2-40CE-855D-48ED51775AB4}.Release|iPhoneSimulator.Deploy.0 = Release|Any CPU
		{5BE46B7A-9275-463C-91B0-A227AD51A1AA}.Ad-Hoc|Any CPU.ActiveCfg = Ad-Hoc|iPhone
		{5BE46B7A-9275-463C-91B0-A227AD51A1AA}.Ad-Hoc|Any CPU.Build.0 = Ad-Hoc|iPhone
		{5BE46B7A-9275-463C-91B0-A227AD51A1AA}.Ad-Hoc|Any CPU.Deploy.0 = Ad-Hoc|iPhone
		{5BE46B7A-9275-463C-91B0-A227AD51A1AA}.Ad-Hoc|iPhone.ActiveCfg = Ad-Hoc|iPhone
		{5BE46B7A-9275-463C-91B0-A227AD51A1AA}.Ad-Hoc|iPhone.Build.0 = Ad-Hoc|iPhone
		{5BE46B7A-9275-463C-91B0-A227AD51A1AA}.Ad-Hoc|iPhone.Deploy.0 = Ad-Hoc|iPhone
		{5BE46B7A-9275-463C-91B0-A227AD51A1AA}.Ad-Hoc|iPhoneSimulator.ActiveCfg = Ad-Hoc|iPhoneSimulator
		{5BE46B7A-9275-463C-91B0-A227AD51A1AA}.Ad-Hoc|iPhoneSimulator.Build.0 = Ad-Hoc|iPhoneSimulator
		{5BE46B7A-9275-463C-91B0-A227AD51A1AA}.Ad-Hoc|iPhoneSimulator.Deploy.0 = Ad-Hoc|iPhoneSimulator
		{5BE46B7A-9275-463C-91B0-A227AD51A1AA}.AppStore|Any CPU.ActiveCfg = AppStore|iPhone
		{5BE46B7A-9275-463C-91B0-A227AD51A1AA}.AppStore|Any CPU.Build.0 = AppStore|iPhone
		{5BE46B7A-9275-463C-91B0-A227AD51A1AA}.AppStore|Any CPU.Deploy.0 = AppStore|iPhone
		{5BE46B7A-9275-463C-91B0-A227AD51A1AA}.AppStore|iPhone.ActiveCfg = AppStore|iPhone
		{5BE46B7A-9275-463C-91B0-A227AD51A1AA}.AppStore|iPhone.Build.0 = AppStore|iPhone
		{5BE46B7A-9275-463C-91B0-A227AD51A1AA}.AppStore|iPhone.Deploy.0 = AppStore|iPhone
		{5BE46B7A-9275-463C-91B0-A227AD51A1AA}.AppStore|iPhoneSimulator.ActiveCfg = AppStore|iPhoneSimulator
		{5BE46B7A-9275-463C-91B0-A227AD51A1AA}.AppStore|iPhoneSimulator.Build.0 = AppStore|iPhoneSimulator
		{5BE46B7A-9275-463C-91B0-A227AD51A1AA}.AppStore|iPhoneSimulator.Deploy.0 = AppStore|iPhoneSimulator
		{5BE46B7A-9275-463C-91B0-A227AD51A1AA}.Debug|Any CPU.ActiveCfg = Debug|iPhoneSimulator
		{5BE46B7A-9275-463C-91B0-A227AD51A1AA}.Debug|Any CPU.Build.0 = Debug|iPhoneSimulator
		{5BE46B7A-9275-463C-91B0-A227AD51A1AA}.Debug|Any CPU.Deploy.0 = Debug|iPhoneSimulator
		{5BE46B7A-9275-463C-91B0-A227AD51A1AA}.Debug|iPhone.ActiveCfg = Debug|iPhone
		{5BE46B7A-9275-463C-91B0-A227AD51A1AA}.Debug|iPhone.Build.0 = Debug|iPhone
		{5BE46B7A-9275-463C-91B0-A227AD51A1AA}.Debug|iPhone.Deploy.0 = Debug|iPhone
		{5BE46B7A-9275-463C-91B0-A227AD51A1AA}.Debug|iPhoneSimulator.ActiveCfg = Debug|iPhoneSimulator
		{5BE46B7A-9275-463C-91B0-A227AD51A1AA}.Debug|iPhoneSimulator.Build.0 = Debug|iPhoneSimulator
		{5BE46B7A-9275-463C-91B0-A227AD51A1AA}.Debug|iPhoneSimulator.Deploy.0 = Debug|iPhoneSimulator
		{5BE46B7A-9275-463C-91B0-A227AD51A1AA}.Release|Any CPU.ActiveCfg = Release|iPhone
		{5BE46B7A-9275-463C-91B0-A227AD51A1AA}.Release|Any CPU.Build.0 = Release|iPhone
		{5BE46B7A-9275-463C-91B0-A227AD51A1AA}.Release|Any CPU.Deploy.0 = Release|iPhone
		{5BE46B7A-9275-463C-91B0-A227AD51A1AA}.Release|iPhone.ActiveCfg = Release|iPhone
		{5BE46B7A-9275-463C-91B0-A227AD51A1AA}.Release|iPhone.Build.0 = Release|iPhone
		{5BE46B7A-9275-463C-91B0-A227AD51A1AA}.Release|iPhone.Deploy.0 = Release|iPhone
		{5BE46B7A-9275-463C-91B0-A227AD51A1AA}.Release|iPhoneSimulator.ActiveCfg = Release|iPhoneSimulator
		{5BE46B7A-9275-463C-91B0-A227AD51A1AA}.Release|iPhoneSimulator.Build.0 = Release|iPhoneSimulator
		{5BE46B7A-9275-463C-91B0-A227AD51A1AA}.Release|iPhoneSimulator.Deploy.0 = Release|iPhoneSimulator
		{58B14A0D-5656-4398-8852-BA8D8E9585F1}.Ad-Hoc|Any CPU.ActiveCfg = Debug|Any CPU
		{58B14A0D-5656-4398-8852-BA8D8E9585F1}.Ad-Hoc|Any CPU.Build.0 = Debug|Any CPU
		{58B14A0D-5656-4398-8852-BA8D8E9585F1}.Ad-Hoc|Any CPU.Deploy.0 = Debug|Any CPU
		{58B14A0D-5656-4398-8852-BA8D8E9585F1}.Ad-Hoc|iPhone.ActiveCfg = Debug|Any CPU
		{58B14A0D-5656-4398-8852-BA8D8E9585F1}.Ad-Hoc|iPhone.Build.0 = Debug|Any CPU
		{58B14A0D-5656-4398-8852-BA8D8E9585F1}.Ad-Hoc|iPhone.Deploy.0 = Debug|Any CPU
		{58B14A0D-5656-4398-8852-BA8D8E9585F1}.Ad-Hoc|iPhoneSimulator.ActiveCfg = Debug|Any CPU
		{58B14A0D-5656-4398-8852-BA8D8E9585F1}.Ad-Hoc|iPhoneSimulator.Build.0 = Debug|Any CPU
		{58B14A0D-5656-4398-8852-BA8D8E9585F1}.Ad-Hoc|iPhoneSimulator.Deploy.0 = Debug|Any CPU
		{58B14A0D-5656-4398-8852-BA8D8E9585F1}.AppStore|Any CPU.ActiveCfg = Debug|Any CPU
		{58B14A0D-5656-4398-8852-BA8D8E9585F1}.AppStore|Any CPU.Build.0 = Debug|Any CPU
		{58B14A0D-5656-4398-8852-BA8D8E9585F1}.AppStore|Any CPU.Deploy.0 = Debug|Any CPU
		{58B14A0D-5656-4398-8852-BA8D8E9585F1}.AppStore|iPhone.ActiveCfg = Debug|Any CPU
		{58B14A0D-5656-4398-8852-BA8D8E9585F1}.AppStore|iPhone.Build.0 = Debug|Any CPU
		{58B14A0D-5656-4398-8852-BA8D8E9585F1}.AppStore|iPhone.Deploy.0 = Debug|Any CPU
		{58B14A0D-5656-4398-8852-BA8D8E9585F1}.AppStore|iPhoneSimulator.ActiveCfg = Debug|Any CPU
		{58B14A0D-5656-4398-8852-BA8D8E9585F1}.AppStore|iPhoneSimulator.Build.0 = Debug|Any CPU
		{58B14A0D-5656-4398-8852-BA8D8E9585F1}.AppStore|iPhoneSimulator.Deploy.0 = Debug|Any CPU
		{58B14A0D-5656-4398-8852-BA8D8E9585F1}.Debug|Any CPU.ActiveCfg = Debug|Any CPU
		{58B14A0D-5656-4398-8852-BA8D8E9585F1}.Debug|Any CPU.Build.0 = Debug|Any CPU
		{58B14A0D-5656-4398-8852-BA8D8E9585F1}.Debug|Any CPU.Deploy.0 = Debug|Any CPU
		{58B14A0D-5656-4398-8852-BA8D8E9585F1}.Debug|iPhone.ActiveCfg = Debug|Any CPU
		{58B14A0D-5656-4398-8852-BA8D8E9585F1}.Debug|iPhone.Build.0 = Debug|Any CPU
		{58B14A0D-5656-4398-8852-BA8D8E9585F1}.Debug|iPhone.Deploy.0 = Debug|Any CPU
		{58B14A0D-5656-4398-8852-BA8D8E9585F1}.Debug|iPhoneSimulator.ActiveCfg = Debug|Any CPU
		{58B14A0D-5656-4398-8852-BA8D8E9585F1}.Debug|iPhoneSimulator.Build.0 = Debug|Any CPU
		{58B14A0D-5656-4398-8852-BA8D8E9585F1}.Debug|iPhoneSimulator.Deploy.0 = Debug|Any CPU
		{58B14A0D-5656-4398-8852-BA8D8E9585F1}.Release|Any CPU.ActiveCfg = Release|Any CPU
		{58B14A0D-5656-4398-8852-BA8D8E9585F1}.Release|Any CPU.Build.0 = Release|Any CPU
		{58B14A0D-5656-4398-8852-BA8D8E9585F1}.Release|Any CPU.Deploy.0 = Release|Any CPU
		{58B14A0D-5656-4398-8852-BA8D8E9585F1}.Release|iPhone.ActiveCfg = Release|Any CPU
		{58B14A0D-5656-4398-8852-BA8D8E9585F1}.Release|iPhone.Build.0 = Release|Any CPU
		{58B14A0D-5656-4398-8852-BA8D8E9585F1}.Release|iPhone.Deploy.0 = Release|Any CPU
		{58B14A0D-5656-4398-8852-BA8D8E9585F1}.Release|iPhoneSimulator.ActiveCfg = Release|Any CPU
		{58B14A0D-5656-4398-8852-BA8D8E9585F1}.Release|iPhoneSimulator.Build.0 = Release|Any CPU
		{58B14A0D-5656-4398-8852-BA8D8E9585F1}.Release|iPhoneSimulator.Deploy.0 = Release|Any CPU
	EndGlobalSection
	GlobalSection(SolutionProperties) = preSolution
		HideSolutionNode = FALSE
	EndGlobalSection
	GlobalSection(ExtensibilityGlobals) = postSolution
		SolutionGuid = {D844177E-4099-4AC0-AE79-BFFFB1870ABF}
	EndGlobalSection
EndGlobal
